
Microsoft Visual Studio Solution File, Format Version 12.00
# Visual Studio Version 17
VisualStudioVersion = 17.1.32328.378
MinimumVisualStudioVersion = 10.0.40219.1
Project("{2150E333-8FDC-42A3-9474-1A3956D46DE8}") = "src", "src", "{4FA6B727-AC78-4387-A4AD-F4AFD83142F9}"
EndProject
Project("{2150E333-8FDC-42A3-9474-1A3956D46DE8}") = "Tests", "Tests", "{B0BCE36B-A519-4529-835A-D251953148AB}"
EndProject
Project("{2150E333-8FDC-42A3-9474-1A3956D46DE8}") = "API", "API", "{53975884-CD21-488F-876C-1AF66C3156EB}"
EndProject
Project("{2150E333-8FDC-42A3-9474-1A3956D46DE8}") = "Core", "Core", "{7846EBE4-D96E-44C5-A027-29FAC8C37695}"
EndProject
Project("{2150E333-8FDC-42A3-9474-1A3956D46DE8}") = "Infrastructure", "Infrastructure", "{DE078CDF-7418-4416-B243-AD40E773621B}"
EndProject
Project("{2150E333-8FDC-42A3-9474-1A3956D46DE8}") = "UI", "UI", "{E485CB17-994E-478F-81AE-B4570C24508B}"
EndProject
Project("{9A19103F-16F7-4668-BE54-9A1E7A4F7556}") = "HRLeaveManagement.Domain", "HRLeaveManagement.Domain\HRLeaveManagement.Domain.csproj", "{68E883C3-9FA9-4E9D-97FB-C8AEC92172F1}"
EndProject
Project("{9A19103F-16F7-4668-BE54-9A1E7A4F7556}") = "HRLeaveManagement.Application", "HRLeaveManagement.Application\HRLeaveManagement.Application.csproj", "{FD4E0EAA-D44D-4CF7-A3EA-0772AA6AC975}"
EndProject
Project("{9A19103F-16F7-4668-BE54-9A1E7A4F7556}") = "HRLeaveManagement.Persistence", "HRLeaveManagement.Persistance\HRLeaveManagement.Persistence.csproj", "{4D90B332-D2D0-42DE-8FB8-4ADB331F6D03}"
EndProject
Project("{9A19103F-16F7-4668-BE54-9A1E7A4F7556}") = "HRLeaveManagement.Infrastructure", "HRLeaveManagement.Infrastructure\HRLeaveManagement.Infrastructure.csproj", "{AFE80E14-1AFB-4EE3-85E5-0ACEFE8C0601}"
EndProject
Project("{FAE04EC0-301F-11D3-BF4B-00C04F79EFBC}") = "HRLeaveManagement.API", "HRLeaveManagement.API\HRLeaveManagement.API.csproj", "{9D2ED044-4FC5-44F0-AAC0-D8D8B8FEFF63}"
EndProject
Global
	GlobalSection(SolutionConfigurationPlatforms) = preSolution
		Debug|Any CPU = Debug|Any CPU
		Release|Any CPU = Release|Any CPU
	EndGlobalSection
	GlobalSection(ProjectConfigurationPlatforms) = postSolution
		{68E883C3-9FA9-4E9D-97FB-C8AEC92172F1}.Debug|Any CPU.ActiveCfg = Debug|Any CPU
		{68E883C3-9FA9-4E9D-97FB-C8AEC92172F1}.Debug|Any CPU.Build.0 = Debug|Any CPU
		{68E883C3-9FA9-4E9D-97FB-C8AEC92172F1}.Release|Any CPU.ActiveCfg = Release|Any CPU
		{68E883C3-9FA9-4E9D-97FB-C8AEC92172F1}.Release|Any CPU.Build.0 = Release|Any CPU
		{FD4E0EAA-D44D-4CF7-A3EA-0772AA6AC975}.Debug|Any CPU.ActiveCfg = Debug|Any CPU
		{FD4E0EAA-D44D-4CF7-A3EA-0772AA6AC975}.Debug|Any CPU.Build.0 = Debug|Any CPU
		{FD4E0EAA-D44D-4CF7-A3EA-0772AA6AC975}.Release|Any CPU.ActiveCfg = Release|Any CPU
		{FD4E0EAA-D44D-4CF7-A3EA-0772AA6AC975}.Release|Any CPU.Build.0 = Release|Any CPU
		{4D90B332-D2D0-42DE-8FB8-4ADB331F6D03}.Debug|Any CPU.ActiveCfg = Debug|Any CPU
		{4D90B332-D2D0-42DE-8FB8-4ADB331F6D03}.Debug|Any CPU.Build.0 = Debug|Any CPU
		{4D90B332-D2D0-42DE-8FB8-4ADB331F6D03}.Release|Any CPU.ActiveCfg = Release|Any CPU
		{4D90B332-D2D0-42DE-8FB8-4ADB331F6D03}.Release|Any CPU.Build.0 = Release|Any CPU
		{AFE80E14-1AFB-4EE3-85E5-0ACEFE8C0601}.Debug|Any CPU.ActiveCfg = Debug|Any CPU
		{AFE80E14-1AFB-4EE3-85E5-0ACEFE8C0601}.Debug|Any CPU.Build.0 = Debug|Any CPU
		{AFE80E14-1AFB-4EE3-85E5-0ACEFE8C0601}.Release|Any CPU.ActiveCfg = Release|Any CPU
		{AFE80E14-1AFB-4EE3-85E5-0ACEFE8C0601}.Release|Any CPU.Build.0 = Release|Any CPU
		{9D2ED044-4FC5-44F0-AAC0-D8D8B8FEFF63}.Debug|Any CPU.ActiveCfg = Debug|Any CPU
		{9D2ED044-4FC5-44F0-AAC0-D8D8B8FEFF63}.Debug|Any CPU.Build.0 = Debug|Any CPU
		{9D2ED044-4FC5-44F0-AAC0-D8D8B8FEFF63}.Release|Any CPU.ActiveCfg = Release|Any CPU
		{9D2ED044-4FC5-44F0-AAC0-D8D8B8FEFF63}.Release|Any CPU.Build.0 = Release|Any CPU
	EndGlobalSection
	GlobalSection(SolutionProperties) = preSolution
		HideSolutionNode = FALSE
	EndGlobalSection
	GlobalSection(NestedProjects) = preSolution
		{53975884-CD21-488F-876C-1AF66C3156EB} = {4FA6B727-AC78-4387-A4AD-F4AFD83142F9}
		{7846EBE4-D96E-44C5-A027-29FAC8C37695} = {4FA6B727-AC78-4387-A4AD-F4AFD83142F9}
		{DE078CDF-7418-4416-B243-AD40E773621B} = {4FA6B727-AC78-4387-A4AD-F4AFD83142F9}
		{E485CB17-994E-478F-81AE-B4570C24508B} = {4FA6B727-AC78-4387-A4AD-F4AFD83142F9}
		{68E883C3-9FA9-4E9D-97FB-C8AEC92172F1} = {7846EBE4-D96E-44C5-A027-29FAC8C37695}
		{FD4E0EAA-D44D-4CF7-A3EA-0772AA6AC975} = {7846EBE4-D96E-44C5-A027-29FAC8C37695}
		{4D90B332-D2D0-42DE-8FB8-4ADB331F6D03} = {DE078CDF-7418-4416-B243-AD40E773621B}
		{AFE80E14-1AFB-4EE3-85E5-0ACEFE8C0601} = {DE078CDF-7418-4416-B243-AD40E773621B}
		{9D2ED044-4FC5-44F0-AAC0-D8D8B8FEFF63} = {53975884-CD21-488F-876C-1AF66C3156EB}
	EndGlobalSection
	GlobalSection(ExtensibilityGlobals) = postSolution
		SolutionGuid = {9C0654F6-2021-4762-8CE9-09D41D68D410}
	EndGlobalSection
EndGlobal
